// !$*UTF8*$!
{
	archiveVersion = 1;
	classes = {
	};
	objectVersion = 56;
	objects = {

/* Begin PBXBuildFile section */
		0D548BCD2BCE78DF00F57B0F /* libclang_rt.asan_osx_dynamic.dylib in Embed Libraries */ = {isa = PBXBuildFile; fileRef = 0D548BCB2BCE78DF00F57B0F /* libclang_rt.asan_osx_dynamic.dylib */; settings = {ATTRIBUTES = (CodeSignOnCopy, ); }; };
		0D5E922B2BDD8CDD00A32397 /* LoginViewController_Outcome.swift in Sources */ = {isa = PBXBuildFile; fileRef = 0D5E92292BDD8CDD00A32397 /* LoginViewController_Outcome.swift */; };
		0D5E922C2BDD8CDD00A32397 /* LoginViewController_Outcome.xib in Resources */ = {isa = PBXBuildFile; fileRef = 0D5E922A2BDD8CDD00A32397 /* LoginViewController_Outcome.xib */; };
		0D5F23942BCB160800DFB747 /* MailerAppCore.mm in Sources */ = {isa = PBXBuildFile; fileRef = 0DA516562BCA88A800177589 /* MailerAppCore.mm */; };
		0D783CCB2BB8935D00F358A1 /* AppDelegate.swift in Sources */ = {isa = PBXBuildFile; fileRef = 0D783CCA2BB8935D00F358A1 /* AppDelegate.swift */; };
		0D783CCF2BB8935F00F358A1 /* Assets.xcassets in Resources */ = {isa = PBXBuildFile; fileRef = 0D783CCE2BB8935F00F358A1 /* Assets.xcassets */; };
		0D783CD22BB8935F00F358A1 /* Main.storyboard in Resources */ = {isa = PBXBuildFile; fileRef = 0D783CD02BB8935F00F358A1 /* Main.storyboard */; };
		0D9E93722BDD19200025A457 /* MainWindowController.swift in Sources */ = {isa = PBXBuildFile; fileRef = 0D9E93702BDD19200025A457 /* MainWindowController.swift */; };
		0D9E93732BDD19200025A457 /* MainWindowController.xib in Resources */ = {isa = PBXBuildFile; fileRef = 0D9E93712BDD19200025A457 /* MainWindowController.xib */; };
		0D9E937A2BDD1FC00025A457 /* MainWindowViewController.swift in Sources */ = {isa = PBXBuildFile; fileRef = 0D9E93782BDD1FC00025A457 /* MainWindowViewController.swift */; };
		0D9E937B2BDD1FC00025A457 /* MainWindowViewController.xib in Resources */ = {isa = PBXBuildFile; fileRef = 0D9E93792BDD1FC00025A457 /* MainWindowViewController.xib */; };
		0D9E937D2BDD33C80025A457 /* LoginWindow.swift in Sources */ = {isa = PBXBuildFile; fileRef = 0D9E937C2BDD33C80025A457 /* LoginWindow.swift */; };
		0D9E937F2BDD33DC0025A457 /* MainWindow.swift in Sources */ = {isa = PBXBuildFile; fileRef = 0D9E937E2BDD33DC0025A457 /* MainWindow.swift */; };
		0D9E93822BDD49C50025A457 /* LoginWindowViewController.swift in Sources */ = {isa = PBXBuildFile; fileRef = 0D9E93802BDD49C50025A457 /* LoginWindowViewController.swift */; };
		0D9E93832BDD49C50025A457 /* LoginWindowViewController.xib in Resources */ = {isa = PBXBuildFile; fileRef = 0D9E93812BDD49C50025A457 /* LoginWindowViewController.xib */; };
		0D9E93862BDD4AB10025A457 /* LoginWindowController.swift in Sources */ = {isa = PBXBuildFile; fileRef = 0D9E93842BDD4AB10025A457 /* LoginWindowController.swift */; };
		0D9E93872BDD4AB10025A457 /* LoginWindowController.xib in Resources */ = {isa = PBXBuildFile; fileRef = 0D9E93852BDD4AB10025A457 /* LoginWindowController.xib */; };
		0D9F2F622BCC62E4003BC181 /* libgthread-2.0.0.dylib in Embed Libraries */ = {isa = PBXBuildFile; fileRef = 0D9F2F562BCC62E1003BC181 /* libgthread-2.0.0.dylib */; settings = {ATTRIBUTES = (CodeSignOnCopy, ); }; };
		0D9F2F642BCC62E4003BC181 /* libiconv.2.dylib in Embed Libraries */ = {isa = PBXBuildFile; fileRef = 0D9F2F572BCC62E1003BC181 /* libiconv.2.dylib */; settings = {ATTRIBUTES = (CodeSignOnCopy, ); }; };
		0D9F2F662BCC62E5003BC181 /* libglib-2.0.0.dylib in Embed Libraries */ = {isa = PBXBuildFile; fileRef = 0D9F2F582BCC62E2003BC181 /* libglib-2.0.0.dylib */; settings = {ATTRIBUTES = (CodeSignOnCopy, ); }; };
		0D9F2F682BCC62E5003BC181 /* libcrypto.1.1.dylib in Embed Libraries */ = {isa = PBXBuildFile; fileRef = 0D9F2F592BCC62E2003BC181 /* libcrypto.1.1.dylib */; settings = {ATTRIBUTES = (CodeSignOnCopy, ); }; };
		0D9F2F6A2BCC62E5003BC181 /* libssl.1.1.dylib in Embed Libraries */ = {isa = PBXBuildFile; fileRef = 0D9F2F5A2BCC62E2003BC181 /* libssl.1.1.dylib */; settings = {ATTRIBUTES = (CodeSignOnCopy, ); }; };
		0D9F2F6C2BCC62E5003BC181 /* libpcre2-8.0.dylib in Embed Libraries */ = {isa = PBXBuildFile; fileRef = 0D9F2F5B2BCC62E2003BC181 /* libpcre2-8.0.dylib */; settings = {ATTRIBUTES = (CodeSignOnCopy, ); }; };
		0D9F2F6E2BCC62E6003BC181 /* libgio-2.0.0.dylib in Embed Libraries */ = {isa = PBXBuildFile; fileRef = 0D9F2F5C2BCC62E3003BC181 /* libgio-2.0.0.dylib */; settings = {ATTRIBUTES = (CodeSignOnCopy, ); }; };
		0D9F2F702BCC62E6003BC181 /* libgobject-2.0.0.dylib in Embed Libraries */ = {isa = PBXBuildFile; fileRef = 0D9F2F5D2BCC62E3003BC181 /* libgobject-2.0.0.dylib */; settings = {ATTRIBUTES = (CodeSignOnCopy, ); }; };
		0D9F2F722BCC62E7003BC181 /* libintl.8.dylib in Embed Libraries */ = {isa = PBXBuildFile; fileRef = 0D9F2F5E2BCC62E3003BC181 /* libintl.8.dylib */; settings = {ATTRIBUTES = (CodeSignOnCopy, ); }; };
		0D9F2F742BCC62E7003BC181 /* libz.1.dylib in Embed Libraries */ = {isa = PBXBuildFile; fileRef = 0D9F2F5F2BCC62E4003BC181 /* libz.1.dylib */; settings = {ATTRIBUTES = (CodeSignOnCopy, ); }; };
		0D9F2F762BCC62E7003BC181 /* libgmodule-2.0.0.dylib in Embed Libraries */ = {isa = PBXBuildFile; fileRef = 0D9F2F602BCC62E4003BC181 /* libgmodule-2.0.0.dylib */; settings = {ATTRIBUTES = (CodeSignOnCopy, ); }; };
		0DAC016C2BC9DF3C0097FBE6 /* libmailer_poc.dylib in Frameworks */ = {isa = PBXBuildFile; fileRef = 0DAC016B2BC9DF3C0097FBE6 /* libmailer_poc.dylib */; };
		0DAC016D2BC9DF3C0097FBE6 /* libmailer_poc.dylib in Embed Libraries */ = {isa = PBXBuildFile; fileRef = 0DAC016B2BC9DF3C0097FBE6 /* libmailer_poc.dylib */; settings = {ATTRIBUTES = (CodeSignOnCopy, ); }; };
		0DAC01712BC9E0810097FBE6 /* libffi.8.dylib in Embed Libraries */ = {isa = PBXBuildFile; fileRef = 0DAC016F2BC9E0810097FBE6 /* libffi.8.dylib */; settings = {ATTRIBUTES = (CodeSignOnCopy, ); }; };
		0DAC01742BC9E0BB0097FBE6 /* libgmime-3.0.0.dylib in Embed Libraries */ = {isa = PBXBuildFile; fileRef = 0DAC01722BC9E0BA0097FBE6 /* libgmime-3.0.0.dylib */; settings = {ATTRIBUTES = (CodeSignOnCopy, ); }; };
/* End PBXBuildFile section */

/* Begin PBXCopyFilesBuildPhase section */
		0DAC016E2BC9DF3C0097FBE6 /* Embed Libraries */ = {
			isa = PBXCopyFilesBuildPhase;
			buildActionMask = 2147483647;
			dstPath = "";
			dstSubfolderSpec = 10;
			files = (
				0DAC01712BC9E0810097FBE6 /* libffi.8.dylib in Embed Libraries */,
				0D9F2F702BCC62E6003BC181 /* libgobject-2.0.0.dylib in Embed Libraries */,
				0D9F2F6A2BCC62E5003BC181 /* libssl.1.1.dylib in Embed Libraries */,
				0D9F2F6C2BCC62E5003BC181 /* libpcre2-8.0.dylib in Embed Libraries */,
				0D9F2F742BCC62E7003BC181 /* libz.1.dylib in Embed Libraries */,
				0D9F2F6E2BCC62E6003BC181 /* libgio-2.0.0.dylib in Embed Libraries */,
				0D9F2F622BCC62E4003BC181 /* libgthread-2.0.0.dylib in Embed Libraries */,
				0D9F2F682BCC62E5003BC181 /* libcrypto.1.1.dylib in Embed Libraries */,
				0D9F2F642BCC62E4003BC181 /* libiconv.2.dylib in Embed Libraries */,
				0D9F2F762BCC62E7003BC181 /* libgmodule-2.0.0.dylib in Embed Libraries */,
				0DAC016D2BC9DF3C0097FBE6 /* libmailer_poc.dylib in Embed Libraries */,
				0D9F2F722BCC62E7003BC181 /* libintl.8.dylib in Embed Libraries */,
				0DAC01742BC9E0BB0097FBE6 /* libgmime-3.0.0.dylib in Embed Libraries */,
				0D548BCD2BCE78DF00F57B0F /* libclang_rt.asan_osx_dynamic.dylib in Embed Libraries */,
				0D9F2F662BCC62E5003BC181 /* libglib-2.0.0.dylib in Embed Libraries */,
			);
			name = "Embed Libraries";
			runOnlyForDeploymentPostprocessing = 0;
		};
/* End PBXCopyFilesBuildPhase section */

/* Begin PBXFileReference section */
		0D45A8CA2BC72014000AD32D /* Mailer-Bridging-Header.h */ = {isa = PBXFileReference; lastKnownFileType = sourcecode.c.h; path = "Mailer-Bridging-Header.h"; sourceTree = "<group>"; };
		0D548BCB2BCE78DF00F57B0F /* libclang_rt.asan_osx_dynamic.dylib */ = {isa = PBXFileReference; lastKnownFileType = "compiled.mach-o.dylib"; name = libclang_rt.asan_osx_dynamic.dylib; path = ../../../../../../Library/Developer/CommandLineTools/usr/lib/clang/14.0.0/lib/darwin/libclang_rt.asan_osx_dynamic.dylib; sourceTree = "<group>"; };
		0D5E92292BDD8CDD00A32397 /* LoginViewController_Outcome.swift */ = {isa = PBXFileReference; lastKnownFileType = sourcecode.swift; path = LoginViewController_Outcome.swift; sourceTree = "<group>"; };
		0D5E922A2BDD8CDD00A32397 /* LoginViewController_Outcome.xib */ = {isa = PBXFileReference; lastKnownFileType = file.xib; path = LoginViewController_Outcome.xib; sourceTree = "<group>"; };
		0D783CC72BB8935D00F358A1 /* Mailer.app */ = {isa = PBXFileReference; explicitFileType = wrapper.application; includeInIndex = 0; path = Mailer.app; sourceTree = BUILT_PRODUCTS_DIR; };
		0D783CCA2BB8935D00F358A1 /* AppDelegate.swift */ = {isa = PBXFileReference; lastKnownFileType = sourcecode.swift; path = AppDelegate.swift; sourceTree = "<group>"; };
		0D783CCE2BB8935F00F358A1 /* Assets.xcassets */ = {isa = PBXFileReference; lastKnownFileType = folder.assetcatalog; path = Assets.xcassets; sourceTree = "<group>"; };
		0D783CD12BB8935F00F358A1 /* Base */ = {isa = PBXFileReference; lastKnownFileType = file.storyboard; name = Base; path = Base.lproj/Main.storyboard; sourceTree = "<group>"; };
		0D783CD32BB8935F00F358A1 /* Mailer.entitlements */ = {isa = PBXFileReference; lastKnownFileType = text.plist.entitlements; path = Mailer.entitlements; sourceTree = "<group>"; };
		0D9E93702BDD19200025A457 /* MainWindowController.swift */ = {isa = PBXFileReference; lastKnownFileType = sourcecode.swift; path = MainWindowController.swift; sourceTree = "<group>"; };
		0D9E93712BDD19200025A457 /* MainWindowController.xib */ = {isa = PBXFileReference; lastKnownFileType = file.xib; path = MainWindowController.xib; sourceTree = "<group>"; };
		0D9E93782BDD1FC00025A457 /* MainWindowViewController.swift */ = {isa = PBXFileReference; lastKnownFileType = sourcecode.swift; path = MainWindowViewController.swift; sourceTree = "<group>"; };
		0D9E93792BDD1FC00025A457 /* MainWindowViewController.xib */ = {isa = PBXFileReference; lastKnownFileType = file.xib; path = MainWindowViewController.xib; sourceTree = "<group>"; };
		0D9E937C2BDD33C80025A457 /* LoginWindow.swift */ = {isa = PBXFileReference; lastKnownFileType = sourcecode.swift; path = LoginWindow.swift; sourceTree = "<group>"; };
		0D9E937E2BDD33DC0025A457 /* MainWindow.swift */ = {isa = PBXFileReference; lastKnownFileType = sourcecode.swift; path = MainWindow.swift; sourceTree = "<group>"; };
		0D9E93802BDD49C50025A457 /* LoginWindowViewController.swift */ = {isa = PBXFileReference; lastKnownFileType = sourcecode.swift; path = LoginWindowViewController.swift; sourceTree = "<group>"; };
		0D9E93812BDD49C50025A457 /* LoginWindowViewController.xib */ = {isa = PBXFileReference; lastKnownFileType = file.xib; path = LoginWindowViewController.xib; sourceTree = "<group>"; };
		0D9E93842BDD4AB10025A457 /* LoginWindowController.swift */ = {isa = PBXFileReference; lastKnownFileType = sourcecode.swift; path = LoginWindowController.swift; sourceTree = "<group>"; };
		0D9E93852BDD4AB10025A457 /* LoginWindowController.xib */ = {isa = PBXFileReference; lastKnownFileType = file.xib; path = LoginWindowController.xib; sourceTree = "<group>"; };
		0D9F2F562BCC62E1003BC181 /* libgthread-2.0.0.dylib */ = {isa = PBXFileReference; lastKnownFileType = "compiled.mach-o.dylib"; name = "libgthread-2.0.0.dylib"; path = "../../_build/embedded_libs/libgthread-2.0.0.dylib"; sourceTree = "<group>"; };
		0D9F2F572BCC62E1003BC181 /* libiconv.2.dylib */ = {isa = PBXFileReference; lastKnownFileType = "compiled.mach-o.dylib"; name = libiconv.2.dylib; path = ../../_build/embedded_libs/libiconv.2.dylib; sourceTree = "<group>"; };
		0D9F2F582BCC62E2003BC181 /* libglib-2.0.0.dylib */ = {isa = PBXFileReference; lastKnownFileType = "compiled.mach-o.dylib"; name = "libglib-2.0.0.dylib"; path = "../../_build/embedded_libs/libglib-2.0.0.dylib"; sourceTree = "<group>"; };
		0D9F2F592BCC62E2003BC181 /* libcrypto.1.1.dylib */ = {isa = PBXFileReference; lastKnownFileType = "compiled.mach-o.dylib"; name = libcrypto.1.1.dylib; path = ../../_build/embedded_libs/libcrypto.1.1.dylib; sourceTree = "<group>"; };
		0D9F2F5A2BCC62E2003BC181 /* libssl.1.1.dylib */ = {isa = PBXFileReference; lastKnownFileType = "compiled.mach-o.dylib"; name = libssl.1.1.dylib; path = ../../_build/embedded_libs/libssl.1.1.dylib; sourceTree = "<group>"; };
		0D9F2F5B2BCC62E2003BC181 /* libpcre2-8.0.dylib */ = {isa = PBXFileReference; lastKnownFileType = "compiled.mach-o.dylib"; name = "libpcre2-8.0.dylib"; path = "../../_build/embedded_libs/libpcre2-8.0.dylib"; sourceTree = "<group>"; };
		0D9F2F5C2BCC62E3003BC181 /* libgio-2.0.0.dylib */ = {isa = PBXFileReference; lastKnownFileType = "compiled.mach-o.dylib"; name = "libgio-2.0.0.dylib"; path = "../../_build/embedded_libs/libgio-2.0.0.dylib"; sourceTree = "<group>"; };
		0D9F2F5D2BCC62E3003BC181 /* libgobject-2.0.0.dylib */ = {isa = PBXFileReference; lastKnownFileType = "compiled.mach-o.dylib"; name = "libgobject-2.0.0.dylib"; path = "../../_build/embedded_libs/libgobject-2.0.0.dylib"; sourceTree = "<group>"; };
		0D9F2F5E2BCC62E3003BC181 /* libintl.8.dylib */ = {isa = PBXFileReference; lastKnownFileType = "compiled.mach-o.dylib"; name = libintl.8.dylib; path = ../../_build/embedded_libs/libintl.8.dylib; sourceTree = "<group>"; };
		0D9F2F5F2BCC62E4003BC181 /* libz.1.dylib */ = {isa = PBXFileReference; lastKnownFileType = "compiled.mach-o.dylib"; name = libz.1.dylib; path = ../../_build/embedded_libs/libz.1.dylib; sourceTree = "<group>"; };
		0D9F2F602BCC62E4003BC181 /* libgmodule-2.0.0.dylib */ = {isa = PBXFileReference; lastKnownFileType = "compiled.mach-o.dylib"; name = "libgmodule-2.0.0.dylib"; path = "../../_build/embedded_libs/libgmodule-2.0.0.dylib"; sourceTree = "<group>"; };
		0DA516562BCA88A800177589 /* MailerAppCore.mm */ = {isa = PBXFileReference; lastKnownFileType = sourcecode.cpp.objcpp; path = MailerAppCore.mm; sourceTree = "<group>"; };
		0DA516572BCA892A00177589 /* MailerAppCore.h */ = {isa = PBXFileReference; lastKnownFileType = sourcecode.c.h; path = MailerAppCore.h; sourceTree = "<group>"; };
		0DAC016B2BC9DF3C0097FBE6 /* libmailer_poc.dylib */ = {isa = PBXFileReference; lastKnownFileType = "compiled.mach-o.dylib"; name = libmailer_poc.dylib; path = ../../_build/embedded_libs/libmailer_poc.dylib; sourceTree = "<group>"; };
		0DAC016F2BC9E0810097FBE6 /* libffi.8.dylib */ = {isa = PBXFileReference; lastKnownFileType = "compiled.mach-o.dylib"; name = libffi.8.dylib; path = ../../_build/embedded_libs/libffi.8.dylib; sourceTree = "<group>"; };
		0DAC01722BC9E0BA0097FBE6 /* libgmime-3.0.0.dylib */ = {isa = PBXFileReference; lastKnownFileType = "compiled.mach-o.dylib"; name = "libgmime-3.0.0.dylib"; path = "../../_build/embedded_libs/libgmime-3.0.0.dylib"; sourceTree = "<group>"; };
/* End PBXFileReference section */

/* Begin PBXFrameworksBuildPhase section */
		0D783CC42BB8935D00F358A1 /* Frameworks */ = {
			isa = PBXFrameworksBuildPhase;
			buildActionMask = 2147483647;
			files = (
				0DAC016C2BC9DF3C0097FBE6 /* libmailer_poc.dylib in Frameworks */,
			);
			runOnlyForDeploymentPostprocessing = 0;
		};
/* End PBXFrameworksBuildPhase section */

/* Begin PBXGroup section */
		0D783CBE2BB8935D00F358A1 = {
			isa = PBXGroup;
			children = (
				0DA516572BCA892A00177589 /* MailerAppCore.h */,
				0DA516562BCA88A800177589 /* MailerAppCore.mm */,
				0D45A8CA2BC72014000AD32D /* Mailer-Bridging-Header.h */,
				0D783CC92BB8935D00F358A1 /* Mailer */,
				0D783CC82BB8935D00F358A1 /* Products */,
				0D783CD92BB8969800F358A1 /* Frameworks */,
			);
			sourceTree = "<group>";
		};
		0D783CC82BB8935D00F358A1 /* Products */ = {
			isa = PBXGroup;
			children = (
				0D783CC72BB8935D00F358A1 /* Mailer.app */,
			);
			name = Products;
			sourceTree = "<group>";
		};
		0D783CC92BB8935D00F358A1 /* Mailer */ = {
			isa = PBXGroup;
			children = (
				0D783CCA2BB8935D00F358A1 /* AppDelegate.swift */,
				0D783CCE2BB8935F00F358A1 /* Assets.xcassets */,
				0D783CD02BB8935F00F358A1 /* Main.storyboard */,
				0D9E93702BDD19200025A457 /* MainWindowController.swift */,
				0D9E93712BDD19200025A457 /* MainWindowController.xib */,
				0D9E93782BDD1FC00025A457 /* MainWindowViewController.swift */,
				0D9E93792BDD1FC00025A457 /* MainWindowViewController.xib */,
				0D783CD32BB8935F00F358A1 /* Mailer.entitlements */,
				0D9E937C2BDD33C80025A457 /* LoginWindow.swift */,
				0D9E937E2BDD33DC0025A457 /* MainWindow.swift */,
				0D9E93802BDD49C50025A457 /* LoginWindowViewController.swift */,
				0D9E93812BDD49C50025A457 /* LoginWindowViewController.xib */,
				0D9E93842BDD4AB10025A457 /* LoginWindowController.swift */,
				0D9E93852BDD4AB10025A457 /* LoginWindowController.xib */,
				0D5E92292BDD8CDD00A32397 /* LoginViewController_Outcome.swift */,
				0D5E922A2BDD8CDD00A32397 /* LoginViewController_Outcome.xib */,
			);
			path = Mailer;
			sourceTree = "<group>";
		};
		0D783CD92BB8969800F358A1 /* Frameworks */ = {
			isa = PBXGroup;
			children = (
				0D548BCB2BCE78DF00F57B0F /* libclang_rt.asan_osx_dynamic.dylib */,
				0D9F2F592BCC62E2003BC181 /* libcrypto.1.1.dylib */,
				0D9F2F5C2BCC62E3003BC181 /* libgio-2.0.0.dylib */,
				0D9F2F582BCC62E2003BC181 /* libglib-2.0.0.dylib */,
				0D9F2F602BCC62E4003BC181 /* libgmodule-2.0.0.dylib */,
				0D9F2F5D2BCC62E3003BC181 /* libgobject-2.0.0.dylib */,
				0D9F2F562BCC62E1003BC181 /* libgthread-2.0.0.dylib */,
				0D9F2F572BCC62E1003BC181 /* libiconv.2.dylib */,
				0D9F2F5E2BCC62E3003BC181 /* libintl.8.dylib */,
				0D9F2F5B2BCC62E2003BC181 /* libpcre2-8.0.dylib */,
				0D9F2F5A2BCC62E2003BC181 /* libssl.1.1.dylib */,
				0D9F2F5F2BCC62E4003BC181 /* libz.1.dylib */,
				0DAC01722BC9E0BA0097FBE6 /* libgmime-3.0.0.dylib */,
				0DAC016F2BC9E0810097FBE6 /* libffi.8.dylib */,
				0DAC016B2BC9DF3C0097FBE6 /* libmailer_poc.dylib */,
			);
			name = Frameworks;
			sourceTree = "<group>";
		};
/* End PBXGroup section */

/* Begin PBXNativeTarget section */
		0D783CC62BB8935D00F358A1 /* Mailer */ = {
			isa = PBXNativeTarget;
			buildConfigurationList = 0D783CD62BB8935F00F358A1 /* Build configuration list for PBXNativeTarget "Mailer" */;
			buildPhases = (
				0D783CC32BB8935D00F358A1 /* Sources */,
				0D783CC42BB8935D00F358A1 /* Frameworks */,
				0D783CC52BB8935D00F358A1 /* Resources */,
				0DAC016E2BC9DF3C0097FBE6 /* Embed Libraries */,
			);
			buildRules = (
			);
			dependencies = (
			);
			name = Mailer;
			productName = Mailer;
			productReference = 0D783CC72BB8935D00F358A1 /* Mailer.app */;
			productType = "com.apple.product-type.application";
		};
/* End PBXNativeTarget section */

/* Begin PBXProject section */
		0D783CBF2BB8935D00F358A1 /* Project object */ = {
			isa = PBXProject;
			attributes = {
				BuildIndependentTargetsInParallel = 1;
				LastSwiftUpdateCheck = 1420;
				LastUpgradeCheck = 1420;
				TargetAttributes = {
					0D783CC62BB8935D00F358A1 = {
						CreatedOnToolsVersion = 14.2;
						LastSwiftMigration = 1420;
					};
				};
			};
			buildConfigurationList = 0D783CC22BB8935D00F358A1 /* Build configuration list for PBXProject "Mailer" */;
			compatibilityVersion = "Xcode 14.0";
			developmentRegion = en;
			hasScannedForEncodings = 0;
			knownRegions = (
				en,
				Base,
			);
			mainGroup = 0D783CBE2BB8935D00F358A1;
			productRefGroup = 0D783CC82BB8935D00F358A1 /* Products */;
			projectDirPath = "";
			projectRoot = "";
			targets = (
				0D783CC62BB8935D00F358A1 /* Mailer */,
			);
		};
/* End PBXProject section */

/* Begin PBXResourcesBuildPhase section */
		0D783CC52BB8935D00F358A1 /* Resources */ = {
			isa = PBXResourcesBuildPhase;
			buildActionMask = 2147483647;
			files = (
				0D9E93832BDD49C50025A457 /* LoginWindowViewController.xib in Resources */,
				0D783CCF2BB8935F00F358A1 /* Assets.xcassets in Resources */,
				0D5E922C2BDD8CDD00A32397 /* LoginViewController_Outcome.xib in Resources */,
				0D9E93732BDD19200025A457 /* MainWindowController.xib in Resources */,
				0D9E93872BDD4AB10025A457 /* LoginWindowController.xib in Resources */,
				0D783CD22BB8935F00F358A1 /* Main.storyboard in Resources */,
				0D9E937B2BDD1FC00025A457 /* MainWindowViewController.xib in Resources */,
			);
			runOnlyForDeploymentPostprocessing = 0;
		};
/* End PBXResourcesBuildPhase section */

/* Begin PBXSourcesBuildPhase section */
		0D783CC32BB8935D00F358A1 /* Sources */ = {
			isa = PBXSourcesBuildPhase;
			buildActionMask = 2147483647;
			files = (
				0D9E937F2BDD33DC0025A457 /* MainWindow.swift in Sources */,
				0D9E937A2BDD1FC00025A457 /* MainWindowViewController.swift in Sources */,
				0D5F23942BCB160800DFB747 /* MailerAppCore.mm in Sources */,
				0D9E93862BDD4AB10025A457 /* LoginWindowController.swift in Sources */,
				0D9E937D2BDD33C80025A457 /* LoginWindow.swift in Sources */,
				0D5E922B2BDD8CDD00A32397 /* LoginViewController_Outcome.swift in Sources */,
				0D783CCB2BB8935D00F358A1 /* AppDelegate.swift in Sources */,
				0D9E93722BDD19200025A457 /* MainWindowController.swift in Sources */,
				0D9E93822BDD49C50025A457 /* LoginWindowViewController.swift in Sources */,
			);
			runOnlyForDeploymentPostprocessing = 0;
		};
/* End PBXSourcesBuildPhase section */

/* Begin PBXVariantGroup section */
		0D783CD02BB8935F00F358A1 /* Main.storyboard */ = {
			isa = PBXVariantGroup;
			children = (
				0D783CD12BB8935F00F358A1 /* Base */,
			);
			name = Main.storyboard;
			sourceTree = "<group>";
		};
/* End PBXVariantGroup section */

/* Begin XCBuildConfiguration section */
		0D783CD42BB8935F00F358A1 /* Debug */ = {
			isa = XCBuildConfiguration;
			buildSettings = {
				ALWAYS_SEARCH_USER_PATHS = NO;
				CLANG_ANALYZER_NONNULL = YES;
				CLANG_ANALYZER_NUMBER_OBJECT_CONVERSION = YES_AGGRESSIVE;
				CLANG_CXX_LANGUAGE_STANDARD = "gnu++20";
				CLANG_ENABLE_MODULES = YES;
				CLANG_ENABLE_OBJC_ARC = YES;
				CLANG_ENABLE_OBJC_WEAK = YES;
				CLANG_WARN_BLOCK_CAPTURE_AUTORELEASING = YES;
				CLANG_WARN_BOOL_CONVERSION = YES;
				CLANG_WARN_COMMA = YES;
				CLANG_WARN_CONSTANT_CONVERSION = YES;
				CLANG_WARN_DEPRECATED_OBJC_IMPLEMENTATIONS = YES;
				CLANG_WARN_DIRECT_OBJC_ISA_USAGE = YES_ERROR;
				CLANG_WARN_DOCUMENTATION_COMMENTS = YES;
				CLANG_WARN_EMPTY_BODY = YES;
				CLANG_WARN_ENUM_CONVERSION = YES;
				CLANG_WARN_INFINITE_RECURSION = YES;
				CLANG_WARN_INT_CONVERSION = YES;
				CLANG_WARN_NON_LITERAL_NULL_CONVERSION = YES;
				CLANG_WARN_OBJC_IMPLICIT_RETAIN_SELF = YES;
				CLANG_WARN_OBJC_LITERAL_CONVERSION = YES;
				CLANG_WARN_OBJC_ROOT_CLASS = YES_ERROR;
				CLANG_WARN_QUOTED_INCLUDE_IN_FRAMEWORK_HEADER = YES;
				CLANG_WARN_RANGE_LOOP_ANALYSIS = YES;
				CLANG_WARN_STRICT_PROTOTYPES = YES;
				CLANG_WARN_SUSPICIOUS_MOVE = YES;
				CLANG_WARN_UNGUARDED_AVAILABILITY = YES_AGGRESSIVE;
				CLANG_WARN_UNREACHABLE_CODE = YES;
				CLANG_WARN__DUPLICATE_METHOD_MATCH = YES;
				COPY_PHASE_STRIP = NO;
				DEBUG_INFORMATION_FORMAT = dwarf;
				ENABLE_STRICT_OBJC_MSGSEND = YES;
				ENABLE_TESTABILITY = YES;
				GCC_C_LANGUAGE_STANDARD = gnu11;
				GCC_DYNAMIC_NO_PIC = NO;
				GCC_NO_COMMON_BLOCKS = YES;
				GCC_OPTIMIZATION_LEVEL = 0;
				GCC_PREPROCESSOR_DEFINITIONS = (
					"DEBUG=1",
					"$(inherited)",
				);
				GCC_WARN_64_TO_32_BIT_CONVERSION = YES;
				GCC_WARN_ABOUT_RETURN_TYPE = YES_ERROR;
				GCC_WARN_UNDECLARED_SELECTOR = YES;
				GCC_WARN_UNINITIALIZED_AUTOS = YES_AGGRESSIVE;
				GCC_WARN_UNUSED_FUNCTION = YES;
				GCC_WARN_UNUSED_VARIABLE = YES;
				MACOSX_DEPLOYMENT_TARGET = 12.7;
				MTL_ENABLE_DEBUG_INFO = INCLUDE_SOURCE;
				MTL_FAST_MATH = YES;
				ONLY_ACTIVE_ARCH = YES;
				SDKROOT = macosx;
				SWIFT_ACTIVE_COMPILATION_CONDITIONS = DEBUG;
				SWIFT_OPTIMIZATION_LEVEL = "-Onone";
			};
			name = Debug;
		};
		0D783CD52BB8935F00F358A1 /* Release */ = {
			isa = XCBuildConfiguration;
			buildSettings = {
				ALWAYS_SEARCH_USER_PATHS = NO;
				CLANG_ANALYZER_NONNULL = YES;
				CLANG_ANALYZER_NUMBER_OBJECT_CONVERSION = YES_AGGRESSIVE;
				CLANG_CXX_LANGUAGE_STANDARD = "gnu++20";
				CLANG_ENABLE_MODULES = YES;
				CLANG_ENABLE_OBJC_ARC = YES;
				CLANG_ENABLE_OBJC_WEAK = YES;
				CLANG_WARN_BLOCK_CAPTURE_AUTORELEASING = YES;
				CLANG_WARN_BOOL_CONVERSION = YES;
				CLANG_WARN_COMMA = YES;
				CLANG_WARN_CONSTANT_CONVERSION = YES;
				CLANG_WARN_DEPRECATED_OBJC_IMPLEMENTATIONS = YES;
				CLANG_WARN_DIRECT_OBJC_ISA_USAGE = YES_ERROR;
				CLANG_WARN_DOCUMENTATION_COMMENTS = YES;
				CLANG_WARN_EMPTY_BODY = YES;
				CLANG_WARN_ENUM_CONVERSION = YES;
				CLANG_WARN_INFINITE_RECURSION = YES;
				CLANG_WARN_INT_CONVERSION = YES;
				CLANG_WARN_NON_LITERAL_NULL_CONVERSION = YES;
				CLANG_WARN_OBJC_IMPLICIT_RETAIN_SELF = YES;
				CLANG_WARN_OBJC_LITERAL_CONVERSION = YES;
				CLANG_WARN_OBJC_ROOT_CLASS = YES_ERROR;
				CLANG_WARN_QUOTED_INCLUDE_IN_FRAMEWORK_HEADER = YES;
				CLANG_WARN_RANGE_LOOP_ANALYSIS = YES;
				CLANG_WARN_STRICT_PROTOTYPES = YES;
				CLANG_WARN_SUSPICIOUS_MOVE = YES;
				CLANG_WARN_UNGUARDED_AVAILABILITY = YES_AGGRESSIVE;
				CLANG_WARN_UNREACHABLE_CODE = YES;
				CLANG_WARN__DUPLICATE_METHOD_MATCH = YES;
				COPY_PHASE_STRIP = NO;
				DEBUG_INFORMATION_FORMAT = "dwarf-with-dsym";
				ENABLE_NS_ASSERTIONS = NO;
				ENABLE_STRICT_OBJC_MSGSEND = YES;
				GCC_C_LANGUAGE_STANDARD = gnu11;
				GCC_NO_COMMON_BLOCKS = YES;
				GCC_WARN_64_TO_32_BIT_CONVERSION = YES;
				GCC_WARN_ABOUT_RETURN_TYPE = YES_ERROR;
				GCC_WARN_UNDECLARED_SELECTOR = YES;
				GCC_WARN_UNINITIALIZED_AUTOS = YES_AGGRESSIVE;
				GCC_WARN_UNUSED_FUNCTION = YES;
				GCC_WARN_UNUSED_VARIABLE = YES;
				MACOSX_DEPLOYMENT_TARGET = 12.7;
				MTL_ENABLE_DEBUG_INFO = NO;
				MTL_FAST_MATH = YES;
				SDKROOT = macosx;
				SWIFT_COMPILATION_MODE = wholemodule;
				SWIFT_OPTIMIZATION_LEVEL = "-O";
			};
			name = Release;
		};
		0D783CD72BB8935F00F358A1 /* Debug */ = {
			isa = XCBuildConfiguration;
			buildSettings = {
				ASSETCATALOG_COMPILER_APPICON_NAME = AppIcon;
				ASSETCATALOG_COMPILER_GLOBAL_ACCENT_COLOR_NAME = AccentColor;
				CLANG_ENABLE_MODULES = YES;
				CODE_SIGN_ENTITLEMENTS = Mailer/Mailer.entitlements;
				"CODE_SIGN_IDENTITY[sdk=macosx*]" = "-";
				CODE_SIGN_STYLE = Automatic;
				COMBINE_HIDPI_IMAGES = YES;
				CURRENT_PROJECT_VERSION = 1;
				GCC_ENABLE_CPP_EXCEPTIONS = YES;
				GENERATE_INFOPLIST_FILE = YES;
				HEADER_SEARCH_PATHS = "\"$(SRCROOT)/../../_build/debug/dist/include\"";
				INFOPLIST_KEY_CFBundleDisplayName = "Mailer Application";
				INFOPLIST_KEY_NSHumanReadableCopyright = "";
				INFOPLIST_KEY_NSMainStoryboardFile = Main;
				INFOPLIST_KEY_NSPrincipalClass = NSApplication;
				LD_RUNPATH_SEARCH_PATHS = (
					"$(inherited)",
					"@executable_path/../Frameworks",
				);
				LIBRARY_SEARCH_PATHS = "\"$(SRCROOT)/../../_build/debug/dist/lib\"";
				MARKETING_VERSION = 1.0;
				PRODUCT_BUNDLE_IDENTIFIER = com.lsem.Mailer;
				PRODUCT_NAME = "$(TARGET_NAME)";
				SWIFT_EMIT_LOC_STRINGS = YES;
				SWIFT_OBJC_BRIDGING_HEADER = "Mailer-Bridging-Header.h";
				SWIFT_OPTIMIZATION_LEVEL = "-Onone";
				SWIFT_VERSION = 5.0;
			};
			name = Debug;
		};
		0D783CD82BB8935F00F358A1 /* Release */ = {
			isa = XCBuildConfiguration;
			buildSettings = {
				ASSETCATALOG_COMPILER_APPICON_NAME = AppIcon;
				ASSETCATALOG_COMPILER_GLOBAL_ACCENT_COLOR_NAME = AccentColor;
				CLANG_ENABLE_MODULES = YES;
				CODE_SIGN_ENTITLEMENTS = Mailer/Mailer.entitlements;
				"CODE_SIGN_IDENTITY[sdk=macosx*]" = "-";
				CODE_SIGN_STYLE = Automatic;
				COMBINE_HIDPI_IMAGES = YES;
				CURRENT_PROJECT_VERSION = 1;
				GCC_ENABLE_CPP_EXCEPTIONS = YES;
				GENERATE_INFOPLIST_FILE = YES;
				HEADER_SEARCH_PATHS = "\"$(SRCROOT)/../../_build/release/dist/include\"";
				INFOPLIST_KEY_CFBundleDisplayName = "Mailer Application";
				INFOPLIST_KEY_NSHumanReadableCopyright = "";
				INFOPLIST_KEY_NSMainStoryboardFile = Main;
				INFOPLIST_KEY_NSPrincipalClass = NSApplication;
				LD_RUNPATH_SEARCH_PATHS = (
					"$(inherited)",
					"@executable_path/../Frameworks",
				);
				LIBRARY_SEARCH_PATHS = "\"$(SRCROOT)/../../_build/release/dist/lib\"";
				MARKETING_VERSION = 1.0;
				PRODUCT_BUNDLE_IDENTIFIER = com.lsem.Mailer;
				PRODUCT_NAME = "$(TARGET_NAME)";
				SWIFT_EMIT_LOC_STRINGS = YES;
				SWIFT_OBJC_BRIDGING_HEADER = "Mailer-Bridging-Header.h";
				SWIFT_VERSION = 5.0;
			};
			name = Release;
		};
/* End XCBuildConfiguration section */

/* Begin XCConfigurationList section */
		0D783CC22BB8935D00F358A1 /* Build configuration list for PBXProject "Mailer" */ = {
			isa = XCConfigurationList;
			buildConfigurations = (
				0D783CD42BB8935F00F358A1 /* Debug */,
				0D783CD52BB8935F00F358A1 /* Release */,
			);
			defaultConfigurationIsVisible = 0;
			defaultConfigurationName = Release;
		};
		0D783CD62BB8935F00F358A1 /* Build configuration list for PBXNativeTarget "Mailer" */ = {
			isa = XCConfigurationList;
			buildConfigurations = (
				0D783CD72BB8935F00F358A1 /* Debug */,
				0D783CD82BB8935F00F358A1 /* Release */,
			);
			defaultConfigurationIsVisible = 0;
			defaultConfigurationName = Release;
		};
/* End XCConfigurationList section */
	};
	rootObject = 0D783CBF2BB8935D00F358A1 /* Project object */;
}
